
Microsoft Visual Studio Solution File, Format Version 12.00
# Visual Studio Version 16
VisualStudioVersion = 16.0.29728.190
MinimumVisualStudioVersion = 10.0.40219.1
Project("{9A19103F-16F7-4668-BE54-9A1E7A4F7556}") = "BookStoreApplication", "BookRentApplication\BookStoreApplication.csproj", "{4DF433CC-4455-4B14-89E8-25D203CA0148}"
EndProject
Global
	GlobalSection(SolutionConfigurationPlatforms) = preSolution
		Debug|Any CPU = Debug|Any CPU
		Release|Any CPU = Release|Any CPU
	EndGlobalSection
	GlobalSection(ProjectConfigurationPlatforms) = postSolution
		{4DF433CC-4455-4B14-89E8-25D203CA0148}.Debug|Any CPU.ActiveCfg = Debug|Any CPU
		{4DF433CC-4455-4B14-89E8-25D203CA0148}.Debug|Any CPU.Build.0 = Debug|Any CPU
		{4DF433CC-4455-4B14-89E8-25D203CA0148}.Release|Any CPU.ActiveCfg = Release|Any CPU
		{4DF433CC-4455-4B14-89E8-25D203CA0148}.Release|Any CPU.Build.0 = Release|Any CPU
	EndGlobalSection
	GlobalSection(SolutionProperties) = preSolution
		HideSolutionNode = FALSE
	EndGlobalSection
	GlobalSection(ExtensibilityGlobals) = postSolution
		SolutionGuid = {A3F96ECE-888D-48BD-AD27-2D3A8902210D}
	EndGlobalSection
EndGlobal
